{
  "name": "json",
  "version": "1.0.0",
  "lockfileVersion": 3,
  "requires": true,
  "packages": {
    "": {
      "name": "json",
      "version": "1.0.0",
      "license": "ISC",
      "dependencies": {
        "@rohitvish/tiny": "^1.1.1"
      }
    },
    "node_modules/@rohitvish/tiny": {
      "version": "1.1.1",
      "resolved": "https://registry.npmjs.org/@rohitvish/tiny/-/tiny-1.1.1.tgz",
      "integrity": "sha512-fTaiu9uBMcp7qteN3oKqJjC0Da7zcvxHluq+i4FkAm1gbEShf9QhnBoVUDjUr7e6h/Ywrz0+fRmavbV8eLg0Ng==",
      "license": "MIT"
    }
  }
}
